
Microsoft Visual Studio Solution File, Format Version 12.00
# Visual Studio Version 16
VisualStudioVersion = 16.0.30711.63
MinimumVisualStudioVersion = 10.0.40219.1
Project("{FAE04EC0-301F-11D3-BF4B-00C04F79EFBC}") = "Desktop_DaviESilva_F0450H6", "Desktop_DaviESilva_F0450H6.csproj", "{56E30B3B-2216-40CD-8B8D-AC8F1AC06783}"
EndProject
Global
	GlobalSection(SolutionConfigurationPlatforms) = preSolution
		Debug|Any CPU = Debug|Any CPU
		Release|Any CPU = Release|Any CPU
	EndGlobalSection
	GlobalSection(ProjectConfigurationPlatforms) = postSolution
		{56E30B3B-2216-40CD-8B8D-AC8F1AC06783}.Debug|Any CPU.ActiveCfg = Debug|Any CPU
		{56E30B3B-2216-40CD-8B8D-AC8F1AC06783}.Debug|Any CPU.Build.0 = Debug|Any CPU
		{56E30B3B-2216-40CD-8B8D-AC8F1AC06783}.Release|Any CPU.ActiveCfg = Release|Any CPU
		{56E30B3B-2216-40CD-8B8D-AC8F1AC06783}.Release|Any CPU.Build.0 = Release|Any CPU
	EndGlobalSection
	GlobalSection(SolutionProperties) = preSolution
		HideSolutionNode = FALSE
	EndGlobalSection
	GlobalSection(ExtensibilityGlobals) = postSolution
		SolutionGuid = {3BA3ED3A-5971-4D8F-B521-9A894EA9EA27}
	EndGlobalSection
EndGlobal
